
Microsoft Visual Studio Solution File, Format Version 12.00
# Visual Studio Version 17
VisualStudioVersion = 17.6.33712.159
MinimumVisualStudioVersion = 10.0.40219.1
Project("{FAE04EC0-301F-11D3-BF4B-00C04F79EFBC}") = "OperatorOverloadingConsoleApp", "OperatorOverloadingConsoleApp\OperatorOverloadingConsoleApp.csproj", "{F3202D3D-65E4-46F4-BB49-8F29EEF4EAC4}"
EndProject
Global
	GlobalSection(SolutionConfigurationPlatforms) = preSolution
		Debug|Any CPU = Debug|Any CPU
		Release|Any CPU = Release|Any CPU
	EndGlobalSection
	GlobalSection(ProjectConfigurationPlatforms) = postSolution
		{F3202D3D-65E4-46F4-BB49-8F29EEF4EAC4}.Debug|Any CPU.ActiveCfg = Debug|Any CPU
		{F3202D3D-65E4-46F4-BB49-8F29EEF4EAC4}.Debug|Any CPU.Build.0 = Debug|Any CPU
		{F3202D3D-65E4-46F4-BB49-8F29EEF4EAC4}.Release|Any CPU.ActiveCfg = Release|Any CPU
		{F3202D3D-65E4-46F4-BB49-8F29EEF4EAC4}.Release|Any CPU.Build.0 = Release|Any CPU
	EndGlobalSection
	GlobalSection(SolutionProperties) = preSolution
		HideSolutionNode = FALSE
	EndGlobalSection
	GlobalSection(ExtensibilityGlobals) = postSolution
		SolutionGuid = {ADF8A290-5A35-4200-97C5-1E3574C663E0}
	EndGlobalSection
EndGlobal
