
Microsoft Visual Studio Solution File, Format Version 12.00
# Visual Studio Version 17
VisualStudioVersion = 17.6.33815.320
MinimumVisualStudioVersion = 10.0.40219.1
Project("{FAE04EC0-301F-11D3-BF4B-00C04F79EFBC}") = "CSharpMVC", "CSharpMVC\CSharpMVC.csproj", "{C3984EEF-262B-4C3E-8E81-7AF11C6FE786}"
EndProject
Global
	GlobalSection(SolutionConfigurationPlatforms) = preSolution
		Debug|Any CPU = Debug|Any CPU
		Release|Any CPU = Release|Any CPU
	EndGlobalSection
	GlobalSection(ProjectConfigurationPlatforms) = postSolution
		{C3984EEF-262B-4C3E-8E81-7AF11C6FE786}.Debug|Any CPU.ActiveCfg = Debug|Any CPU
		{C3984EEF-262B-4C3E-8E81-7AF11C6FE786}.Debug|Any CPU.Build.0 = Debug|Any CPU
		{C3984EEF-262B-4C3E-8E81-7AF11C6FE786}.Release|Any CPU.ActiveCfg = Release|Any CPU
		{C3984EEF-262B-4C3E-8E81-7AF11C6FE786}.Release|Any CPU.Build.0 = Release|Any CPU
	EndGlobalSection
	GlobalSection(SolutionProperties) = preSolution
		HideSolutionNode = FALSE
	EndGlobalSection
	GlobalSection(ExtensibilityGlobals) = postSolution
		SolutionGuid = {C9170E67-A8F9-4BE3-B9BB-27FC4A877A59}
	EndGlobalSection
EndGlobal
