
Microsoft Visual Studio Solution File, Format Version 12.00
# Visual Studio Version 17
VisualStudioVersion = 17.6.33712.159
MinimumVisualStudioVersion = 10.0.40219.1
Project("{FAE04EC0-301F-11D3-BF4B-00C04F79EFBC}") = "ConstructorConsoleApp", "ConstructorConsoleApp\ConstructorConsoleApp.csproj", "{007FFCDF-5519-4249-AADD-799384C1EC1B}"
EndProject
Global
	GlobalSection(SolutionConfigurationPlatforms) = preSolution
		Debug|Any CPU = Debug|Any CPU
		Release|Any CPU = Release|Any CPU
	EndGlobalSection
	GlobalSection(ProjectConfigurationPlatforms) = postSolution
		{007FFCDF-5519-4249-AADD-799384C1EC1B}.Debug|Any CPU.ActiveCfg = Debug|Any CPU
		{007FFCDF-5519-4249-AADD-799384C1EC1B}.Debug|Any CPU.Build.0 = Debug|Any CPU
		{007FFCDF-5519-4249-AADD-799384C1EC1B}.Release|Any CPU.ActiveCfg = Release|Any CPU
		{007FFCDF-5519-4249-AADD-799384C1EC1B}.Release|Any CPU.Build.0 = Release|Any CPU
	EndGlobalSection
	GlobalSection(SolutionProperties) = preSolution
		HideSolutionNode = FALSE
	EndGlobalSection
	GlobalSection(ExtensibilityGlobals) = postSolution
		SolutionGuid = {D71015AB-C9D1-4ED0-A95B-8A5834A17613}
	EndGlobalSection
EndGlobal
