
Microsoft Visual Studio Solution File, Format Version 12.00
# Visual Studio Version 17
VisualStudioVersion = 17.6.33712.159
MinimumVisualStudioVersion = 10.0.40219.1
Project("{FAE04EC0-301F-11D3-BF4B-00C04F79EFBC}") = "LoopConsoleAppAssignment", "LoopConsoleAppAssignment\LoopConsoleAppAssignment.csproj", "{4A87D4F0-5B79-4B6B-80D8-692497E3018C}"
EndProject
Global
	GlobalSection(SolutionConfigurationPlatforms) = preSolution
		Debug|Any CPU = Debug|Any CPU
		Release|Any CPU = Release|Any CPU
	EndGlobalSection
	GlobalSection(ProjectConfigurationPlatforms) = postSolution
		{4A87D4F0-5B79-4B6B-80D8-692497E3018C}.Debug|Any CPU.ActiveCfg = Debug|Any CPU
		{4A87D4F0-5B79-4B6B-80D8-692497E3018C}.Debug|Any CPU.Build.0 = Debug|Any CPU
		{4A87D4F0-5B79-4B6B-80D8-692497E3018C}.Release|Any CPU.ActiveCfg = Release|Any CPU
		{4A87D4F0-5B79-4B6B-80D8-692497E3018C}.Release|Any CPU.Build.0 = Release|Any CPU
	EndGlobalSection
	GlobalSection(SolutionProperties) = preSolution
		HideSolutionNode = FALSE
	EndGlobalSection
	GlobalSection(ExtensibilityGlobals) = postSolution
		SolutionGuid = {88613521-09F6-466E-8281-E7D878F0A2AD}
	EndGlobalSection
EndGlobal
