
Microsoft Visual Studio Solution File, Format Version 12.00
# Visual Studio Version 17
VisualStudioVersion = 17.6.33712.159
MinimumVisualStudioVersion = 10.0.40219.1
Project("{FAE04EC0-301F-11D3-BF4B-00C04F79EFBC}") = "ExcpitionHandling", "ExcpitionHandling\ExcpitionHandling.csproj", "{905BA540-1E3C-4855-A276-833357AAACB5}"
EndProject
Global
	GlobalSection(SolutionConfigurationPlatforms) = preSolution
		Debug|Any CPU = Debug|Any CPU
		Release|Any CPU = Release|Any CPU
	EndGlobalSection
	GlobalSection(ProjectConfigurationPlatforms) = postSolution
		{905BA540-1E3C-4855-A276-833357AAACB5}.Debug|Any CPU.ActiveCfg = Debug|Any CPU
		{905BA540-1E3C-4855-A276-833357AAACB5}.Debug|Any CPU.Build.0 = Debug|Any CPU
		{905BA540-1E3C-4855-A276-833357AAACB5}.Release|Any CPU.ActiveCfg = Release|Any CPU
		{905BA540-1E3C-4855-A276-833357AAACB5}.Release|Any CPU.Build.0 = Release|Any CPU
	EndGlobalSection
	GlobalSection(SolutionProperties) = preSolution
		HideSolutionNode = FALSE
	EndGlobalSection
	GlobalSection(ExtensibilityGlobals) = postSolution
		SolutionGuid = {5D927788-D787-4002-B636-44EA3F320E34}
	EndGlobalSection
EndGlobal
